// !$*UTF8*$!
{
	archiveVersion = 1;
	classes = {
	};
	objectVersion = 50;
	objects = {

/* Begin PBXBuildFile section */
		0B3BB6F0229876E900BDE0DD /* packages_parser.m in Sources */ = {isa = PBXBuildFile; fileRef = 0B3BB6EE229876E800BDE0DD /* packages_parser.m */; };
		0B3BB6F1229876E900BDE0DD /* packages_parser.h in Headers */ = {isa = PBXBuildFile; fileRef = 0B3BB6EF229876E900BDE0DD /* packages_parser.h */; };
		206BBEE2724D72F094A4FB9C /* libPods-twackup.a in Frameworks */ = {isa = PBXBuildFile; fileRef = 56E75AB9AFE6DA5E37D2ED95 /* libPods-twackup.a */; };
		A50F041821BA548F00859738 /* Foundation.framework in Frameworks */ = {isa = PBXBuildFile; fileRef = A50F041721BA548F00859738 /* Foundation.framework */; };
		A50F041B21BA548F00859738 /* main.m in Sources */ = {isa = PBXBuildFile; fileRef = A50F041A21BA548F00859738 /* main.m */; };
		A53CC71221E0966000848785 /* TWLocalizable.h in Headers */ = {isa = PBXBuildFile; fileRef = A53CC71021E0966000848785 /* TWLocalizable.h */; };
		A53CC71321E0966000848785 /* TWLocalizable.m in Sources */ = {isa = PBXBuildFile; fileRef = A53CC71121E0966000848785 /* TWLocalizable.m */; };
		A53CC71F21E0A3B400848785 /* main.m in Sources */ = {isa = PBXBuildFile; fileRef = A50F041A21BA548F00859738 /* main.m */; };
		A53CC72021E0A3B400848785 /* TWackup.m in Sources */ = {isa = PBXBuildFile; fileRef = A57A21CF21BEBA9E008F3DE9 /* TWackup.m */; };
		A53CC72121E0A3B400848785 /* TWDpkg.m in Sources */ = {isa = PBXBuildFile; fileRef = A57A21D321BEBE9E008F3DE9 /* TWDpkg.m */; };
		A53CC72221E0A3B400848785 /* TWPackage.m in Sources */ = {isa = PBXBuildFile; fileRef = A569C95D21BA84BB003DE3C5 /* TWPackage.m */; };
		A53CC72321E0A3B400848785 /* NSTask+Twackup.m in Sources */ = {isa = PBXBuildFile; fileRef = A569C96121BA8635003DE3C5 /* NSTask+Twackup.m */; };
		A53CC72421E0A3B400848785 /* TWLocalizable.m in Sources */ = {isa = PBXBuildFile; fileRef = A53CC71121E0966000848785 /* TWLocalizable.m */; };
		A569C95A21BA81D0003DE3C5 /* NSTask.h in Headers */ = {isa = PBXBuildFile; fileRef = A569C95921BA81D0003DE3C5 /* NSTask.h */; };
		A569C95E21BA84BB003DE3C5 /* TWPackage.h in Headers */ = {isa = PBXBuildFile; fileRef = A569C95C21BA84BB003DE3C5 /* TWPackage.h */; };
		A569C95F21BA84BB003DE3C5 /* TWPackage.m in Sources */ = {isa = PBXBuildFile; fileRef = A569C95D21BA84BB003DE3C5 /* TWPackage.m */; };
		A569C96221BA8635003DE3C5 /* NSTask+Twackup.h in Headers */ = {isa = PBXBuildFile; fileRef = A569C96021BA8635003DE3C5 /* NSTask+Twackup.h */; };
		A569C96321BA8635003DE3C5 /* NSTask+Twackup.m in Sources */ = {isa = PBXBuildFile; fileRef = A569C96121BA8635003DE3C5 /* NSTask+Twackup.m */; };
		A57A21D021BEBA9E008F3DE9 /* TWackup.h in Headers */ = {isa = PBXBuildFile; fileRef = A57A21CE21BEBA9E008F3DE9 /* TWackup.h */; };
		A57A21D121BEBA9E008F3DE9 /* TWackup.m in Sources */ = {isa = PBXBuildFile; fileRef = A57A21CF21BEBA9E008F3DE9 /* TWackup.m */; };
		A57A21D421BEBE9E008F3DE9 /* TWDpkg.h in Headers */ = {isa = PBXBuildFile; fileRef = A57A21D221BEBE9E008F3DE9 /* TWDpkg.h */; };
		A57A21D521BEBE9E008F3DE9 /* TWDpkg.m in Sources */ = {isa = PBXBuildFile; fileRef = A57A21D321BEBE9E008F3DE9 /* TWDpkg.m */; };
		A5D188A622B9031100B974B1 /* TWPackage+Control.m in Sources */ = {isa = PBXBuildFile; fileRef = A5D188A422B9031100B974B1 /* TWPackage+Control.m */; };
		A5D188A922B9042200B974B1 /* TWRegex.h in Headers */ = {isa = PBXBuildFile; fileRef = A5D188A722B9042200B974B1 /* TWRegex.h */; };
		A5D188AA22B9042200B974B1 /* TWRegex.m in Sources */ = {isa = PBXBuildFile; fileRef = A5D188A822B9042200B974B1 /* TWRegex.m */; };
		A5D188AE22B904A500B974B1 /* TWPackage+Build.m in Sources */ = {isa = PBXBuildFile; fileRef = A5D188AC22B904A500B974B1 /* TWPackage+Build.m */; };
		C1CD047576C288B18F6CB2A9 /* libPods-twackup_macos.a in Frameworks */ = {isa = PBXBuildFile; fileRef = 8BC7827BD552AC2CE4E5679B /* libPods-twackup_macos.a */; };
/* End PBXBuildFile section */

/* Begin PBXCopyFilesBuildPhase section */
		A53CC71621E0A3A200848785 /* CopyFiles */ = {
			isa = PBXCopyFilesBuildPhase;
			buildActionMask = 2147483647;
			dstPath = /usr/share/man/man1/;
			dstSubfolderSpec = 0;
			files = (
			);
			runOnlyForDeploymentPostprocessing = 1;
		};
/* End PBXCopyFilesBuildPhase section */

/* Begin PBXFileReference section */
		0B3BB6EE229876E800BDE0DD /* packages_parser.m */ = {isa = PBXFileReference; fileEncoding = 4; lastKnownFileType = sourcecode.c.objc; path = packages_parser.m; sourceTree = "<group>"; };
		0B3BB6EF229876E900BDE0DD /* packages_parser.h */ = {isa = PBXFileReference; fileEncoding = 4; lastKnownFileType = sourcecode.c.h; path = packages_parser.h; sourceTree = "<group>"; };
		1721A09928C4BCDB8763694B /* Pods-twackup.release.xcconfig */ = {isa = PBXFileReference; includeInIndex = 1; lastKnownFileType = text.xcconfig; name = "Pods-twackup.release.xcconfig"; path = "Pods/Target Support Files/Pods-twackup/Pods-twackup.release.xcconfig"; sourceTree = "<group>"; };
		28EBD4F69443170320B02209 /* Pods-twackup_macos.debug.xcconfig */ = {isa = PBXFileReference; includeInIndex = 1; lastKnownFileType = text.xcconfig; name = "Pods-twackup_macos.debug.xcconfig"; path = "Pods/Target Support Files/Pods-twackup_macos/Pods-twackup_macos.debug.xcconfig"; sourceTree = "<group>"; };
		56E75AB9AFE6DA5E37D2ED95 /* libPods-twackup.a */ = {isa = PBXFileReference; explicitFileType = archive.ar; includeInIndex = 0; path = "libPods-twackup.a"; sourceTree = BUILT_PRODUCTS_DIR; };
		685A7443733C4172DC7F3777 /* Pods-twackup.debug.xcconfig */ = {isa = PBXFileReference; includeInIndex = 1; lastKnownFileType = text.xcconfig; name = "Pods-twackup.debug.xcconfig"; path = "Pods/Target Support Files/Pods-twackup/Pods-twackup.debug.xcconfig"; sourceTree = "<group>"; };
		8BC7827BD552AC2CE4E5679B /* libPods-twackup_macos.a */ = {isa = PBXFileReference; explicitFileType = archive.ar; includeInIndex = 0; path = "libPods-twackup_macos.a"; sourceTree = BUILT_PRODUCTS_DIR; };
		8E45D95DEEBDDC8203C4B72D /* Pods-twackup_macos.release.xcconfig */ = {isa = PBXFileReference; includeInIndex = 1; lastKnownFileType = text.xcconfig; name = "Pods-twackup_macos.release.xcconfig"; path = "Pods/Target Support Files/Pods-twackup_macos/Pods-twackup_macos.release.xcconfig"; sourceTree = "<group>"; };
		A50F041421BA548F00859738 /* twackup */ = {isa = PBXFileReference; explicitFileType = "compiled.mach-o.dylib"; includeInIndex = 0; path = twackup; sourceTree = BUILT_PRODUCTS_DIR; };
		A50F041721BA548F00859738 /* Foundation.framework */ = {isa = PBXFileReference; lastKnownFileType = wrapper.framework; name = Foundation.framework; path = System/Library/Frameworks/Foundation.framework; sourceTree = SDKROOT; };
		A50F041A21BA548F00859738 /* main.m */ = {isa = PBXFileReference; lastKnownFileType = sourcecode.c.objc; path = main.m; sourceTree = "<group>"; };
		A50F041E21BA548F00859738 /* control */ = {isa = PBXFileReference; lastKnownFileType = text; name = control; path = Package/DEBIAN/control; sourceTree = "<group>"; };
		A53CC71021E0966000848785 /* TWLocalizable.h */ = {isa = PBXFileReference; lastKnownFileType = sourcecode.c.h; path = TWLocalizable.h; sourceTree = "<group>"; };
		A53CC71121E0966000848785 /* TWLocalizable.m */ = {isa = PBXFileReference; lastKnownFileType = sourcecode.c.objc; path = TWLocalizable.m; sourceTree = "<group>"; };
		A53CC71821E0A3A200848785 /* twackup_macos */ = {isa = PBXFileReference; explicitFileType = "compiled.mach-o.executable"; includeInIndex = 0; path = twackup_macos; sourceTree = BUILT_PRODUCTS_DIR; };
		A569C95921BA81D0003DE3C5 /* NSTask.h */ = {isa = PBXFileReference; fileEncoding = 4; lastKnownFileType = sourcecode.c.h; path = NSTask.h; sourceTree = "<group>"; };
		A569C95B21BA830A003DE3C5 /* sign.entitlements */ = {isa = PBXFileReference; lastKnownFileType = text.plist.entitlements; path = sign.entitlements; sourceTree = "<group>"; };
		A569C95C21BA84BB003DE3C5 /* TWPackage.h */ = {isa = PBXFileReference; lastKnownFileType = sourcecode.c.h; path = TWPackage.h; sourceTree = "<group>"; };
		A569C95D21BA84BB003DE3C5 /* TWPackage.m */ = {isa = PBXFileReference; lastKnownFileType = sourcecode.c.objc; path = TWPackage.m; sourceTree = "<group>"; };
		A569C96021BA8635003DE3C5 /* NSTask+Twackup.h */ = {isa = PBXFileReference; lastKnownFileType = sourcecode.c.h; path = "NSTask+Twackup.h"; sourceTree = "<group>"; };
		A569C96121BA8635003DE3C5 /* NSTask+Twackup.m */ = {isa = PBXFileReference; lastKnownFileType = sourcecode.c.objc; path = "NSTask+Twackup.m"; sourceTree = "<group>"; };
		A569C96421BA9660003DE3C5 /* PrefixHeader.pch */ = {isa = PBXFileReference; lastKnownFileType = sourcecode.c.h; path = PrefixHeader.pch; sourceTree = "<group>"; };
		A57A21CE21BEBA9E008F3DE9 /* TWackup.h */ = {isa = PBXFileReference; lastKnownFileType = sourcecode.c.h; path = TWackup.h; sourceTree = "<group>"; };
		A57A21CF21BEBA9E008F3DE9 /* TWackup.m */ = {isa = PBXFileReference; lastKnownFileType = sourcecode.c.objc; path = TWackup.m; sourceTree = "<group>"; };
		A57A21D221BEBE9E008F3DE9 /* TWDpkg.h */ = {isa = PBXFileReference; lastKnownFileType = sourcecode.c.h; path = TWDpkg.h; sourceTree = "<group>"; };
		A57A21D321BEBE9E008F3DE9 /* TWDpkg.m */ = {isa = PBXFileReference; lastKnownFileType = sourcecode.c.objc; path = TWDpkg.m; sourceTree = "<group>"; };
		A5D188A422B9031100B974B1 /* TWPackage+Control.m */ = {isa = PBXFileReference; lastKnownFileType = sourcecode.c.objc; path = "TWPackage+Control.m"; sourceTree = "<group>"; };
		A5D188A722B9042200B974B1 /* TWRegex.h */ = {isa = PBXFileReference; lastKnownFileType = sourcecode.c.h; path = TWRegex.h; sourceTree = "<group>"; };
		A5D188A822B9042200B974B1 /* TWRegex.m */ = {isa = PBXFileReference; lastKnownFileType = sourcecode.c.objc; path = TWRegex.m; sourceTree = "<group>"; };
		A5D188AC22B904A500B974B1 /* TWPackage+Build.m */ = {isa = PBXFileReference; lastKnownFileType = sourcecode.c.objc; path = "TWPackage+Build.m"; sourceTree = "<group>"; };
/* End PBXFileReference section */

/* Begin PBXFrameworksBuildPhase section */
		A50F041021BA548F00859738 /* Frameworks */ = {
			isa = PBXFrameworksBuildPhase;
			buildActionMask = 2147483647;
			files = (
				A50F041821BA548F00859738 /* Foundation.framework in Frameworks */,
				206BBEE2724D72F094A4FB9C /* libPods-twackup.a in Frameworks */,
			);
			runOnlyForDeploymentPostprocessing = 0;
		};
		A53CC71521E0A3A200848785 /* Frameworks */ = {
			isa = PBXFrameworksBuildPhase;
			buildActionMask = 2147483647;
			files = (
				C1CD047576C288B18F6CB2A9 /* libPods-twackup_macos.a in Frameworks */,
			);
			runOnlyForDeploymentPostprocessing = 0;
		};
/* End PBXFrameworksBuildPhase section */

/* Begin PBXGroup section */
		A50F040A21BA548F00859738 = {
			isa = PBXGroup;
			children = (
				A569C95B21BA830A003DE3C5 /* sign.entitlements */,
				A569C96421BA9660003DE3C5 /* PrefixHeader.pch */,
				A50F041921BA548F00859738 /* Twackup */,
				A50F041621BA548F00859738 /* Frameworks */,
				A50F041521BA548F00859738 /* Products */,
				C79A3A69AB9DEFB0235C9554 /* Pods */,
			);
			sourceTree = "<group>";
		};
		A50F041521BA548F00859738 /* Products */ = {
			isa = PBXGroup;
			children = (
				A50F041421BA548F00859738 /* twackup */,
				A53CC71821E0A3A200848785 /* twackup_macos */,
			);
			name = Products;
			sourceTree = "<group>";
		};
		A50F041621BA548F00859738 /* Frameworks */ = {
			isa = PBXGroup;
			children = (
				A50F041721BA548F00859738 /* Foundation.framework */,
				56E75AB9AFE6DA5E37D2ED95 /* libPods-twackup.a */,
				8BC7827BD552AC2CE4E5679B /* libPods-twackup_macos.a */,
			);
			name = Frameworks;
			sourceTree = "<group>";
		};
		A50F041921BA548F00859738 /* Twackup */ = {
			isa = PBXGroup;
			children = (
				A50F041A21BA548F00859738 /* main.m */,
				A57A21CE21BEBA9E008F3DE9 /* TWackup.h */,
				A57A21CF21BEBA9E008F3DE9 /* TWackup.m */,
				A57A21D221BEBE9E008F3DE9 /* TWDpkg.h */,
				A57A21D321BEBE9E008F3DE9 /* TWDpkg.m */,
				A5D188A722B9042200B974B1 /* TWRegex.h */,
				A5D188A822B9042200B974B1 /* TWRegex.m */,
				0B3BB6EF229876E900BDE0DD /* packages_parser.h */,
				0B3BB6EE229876E800BDE0DD /* packages_parser.m */,
				A569C95C21BA84BB003DE3C5 /* TWPackage.h */,
				A569C95D21BA84BB003DE3C5 /* TWPackage.m */,
				A5D188AC22B904A500B974B1 /* TWPackage+Build.m */,
				A5D188A422B9031100B974B1 /* TWPackage+Control.m */,
				A569C96021BA8635003DE3C5 /* NSTask+Twackup.h */,
				A569C96121BA8635003DE3C5 /* NSTask+Twackup.m */,
				A53CC71021E0966000848785 /* TWLocalizable.h */,
				A53CC71121E0966000848785 /* TWLocalizable.m */,
				A569C95921BA81D0003DE3C5 /* NSTask.h */,
				A50F041C21BA548F00859738 /* Package */,
			);
			path = Twackup;
			sourceTree = "<group>";
		};
		A50F041C21BA548F00859738 /* Package */ = {
			isa = PBXGroup;
			children = (
				A50F041D21BA548F00859738 /* DEBIAN */,
				A50F041F21BA548F00859738 /* usr */,
			);
			name = Package;
			sourceTree = "<group>";
		};
		A50F041D21BA548F00859738 /* DEBIAN */ = {
			isa = PBXGroup;
			children = (
				A50F041E21BA548F00859738 /* control */,
			);
			name = DEBIAN;
			sourceTree = "<group>";
		};
		A50F041F21BA548F00859738 /* usr */ = {
			isa = PBXGroup;
			children = (
				A50F042021BA548F00859738 /* bin */,
			);
			name = usr;
			sourceTree = "<group>";
		};
		A50F042021BA548F00859738 /* bin */ = {
			isa = PBXGroup;
			children = (
			);
			name = bin;
			sourceTree = "<group>";
		};
		C79A3A69AB9DEFB0235C9554 /* Pods */ = {
			isa = PBXGroup;
			children = (
				685A7443733C4172DC7F3777 /* Pods-twackup.debug.xcconfig */,
				1721A09928C4BCDB8763694B /* Pods-twackup.release.xcconfig */,
				28EBD4F69443170320B02209 /* Pods-twackup_macos.debug.xcconfig */,
				8E45D95DEEBDDC8203C4B72D /* Pods-twackup_macos.release.xcconfig */,
			);
			name = Pods;
			sourceTree = "<group>";
		};
/* End PBXGroup section */

/* Begin PBXHeadersBuildPhase section */
		A50F041121BA548F00859738 /* Headers */ = {
			isa = PBXHeadersBuildPhase;
			buildActionMask = 2147483647;
			files = (
				A569C96221BA8635003DE3C5 /* NSTask+Twackup.h in Headers */,
				0B3BB6F1229876E900BDE0DD /* packages_parser.h in Headers */,
				A569C95E21BA84BB003DE3C5 /* TWPackage.h in Headers */,
				A53CC71221E0966000848785 /* TWLocalizable.h in Headers */,
				A57A21D421BEBE9E008F3DE9 /* TWDpkg.h in Headers */,
				A5D188A922B9042200B974B1 /* TWRegex.h in Headers */,
				A57A21D021BEBA9E008F3DE9 /* TWackup.h in Headers */,
				A569C95A21BA81D0003DE3C5 /* NSTask.h in Headers */,
			);
			runOnlyForDeploymentPostprocessing = 0;
		};
/* End PBXHeadersBuildPhase section */

/* Begin PBXNativeTarget section */
		A50F041321BA548F00859738 /* twackup */ = {
			isa = PBXNativeTarget;
			buildConfigurationList = A50F042521BA548F00859738 /* Build configuration list for PBXNativeTarget "twackup" */;
			buildPhases = (
				AFAD174C6B994B3191A4A9B7 /* [CP] Check Pods Manifest.lock */,
				A50F040F21BA548F00859738 /* Sources */,
				A50F041021BA548F00859738 /* Frameworks */,
				A50F041121BA548F00859738 /* Headers */,
				A50F041221BA548F00859738 /* Copy files and build deb */,
			);
			buildRules = (
			);
			dependencies = (
			);
			name = twackup;
			productName = tweaksBackup;
			productReference = A50F041421BA548F00859738 /* twackup */;
			productType = "com.apple.product-type.library.dynamic";
		};
		A53CC71721E0A3A200848785 /* twackup_macos */ = {
			isa = PBXNativeTarget;
			buildConfigurationList = A53CC71C21E0A3A200848785 /* Build configuration list for PBXNativeTarget "twackup_macos" */;
			buildPhases = (
				3C18D7A29B99D8EAFA80719E /* [CP] Check Pods Manifest.lock */,
				A53CC71421E0A3A200848785 /* Sources */,
				A53CC71521E0A3A200848785 /* Frameworks */,
				A53CC71621E0A3A200848785 /* CopyFiles */,
			);
			buildRules = (
			);
			dependencies = (
			);
			name = twackup_macos;
			productName = twackup_macos;
			productReference = A53CC71821E0A3A200848785 /* twackup_macos */;
			productType = "com.apple.product-type.tool";
		};
/* End PBXNativeTarget section */

/* Begin PBXProject section */
		A50F040B21BA548F00859738 /* Project object */ = {
			isa = PBXProject;
			attributes = {
				CLASSPREFIX = TW;
				LastUpgradeCheck = 1010;
				ORGANIZATIONNAME = "Даниил";
				TargetAttributes = {
					A50F041321BA548F00859738 = {
						CreatedOnToolsVersion = 10.1;
					};
					A53CC71721E0A3A200848785 = {
						CreatedOnToolsVersion = 10.1;
					};
				};
			};
			buildConfigurationList = A50F040E21BA548F00859738 /* Build configuration list for PBXProject "Twackup" */;
			compatibilityVersion = "Xcode 9.3";
			developmentRegion = en;
			hasScannedForEncodings = 0;
			knownRegions = (
				en,
				Base,
			);
			mainGroup = A50F040A21BA548F00859738;
			productRefGroup = A50F041521BA548F00859738 /* Products */;
			projectDirPath = "";
			projectRoot = "";
			targets = (
				A50F041321BA548F00859738 /* twackup */,
				A53CC71721E0A3A200848785 /* twackup_macos */,
			);
		};
/* End PBXProject section */

/* Begin PBXShellScriptBuildPhase section */
		3C18D7A29B99D8EAFA80719E /* [CP] Check Pods Manifest.lock */ = {
			isa = PBXShellScriptBuildPhase;
			buildActionMask = 2147483647;
			files = (
			);
			inputFileListPaths = (
			);
			inputPaths = (
				"${PODS_PODFILE_DIR_PATH}/Podfile.lock",
				"${PODS_ROOT}/Manifest.lock",
			);
			name = "[CP] Check Pods Manifest.lock";
			outputFileListPaths = (
			);
			outputPaths = (
				"$(DERIVED_FILE_DIR)/Pods-twackup_macos-checkManifestLockResult.txt",
			);
			runOnlyForDeploymentPostprocessing = 0;
			shellPath = /bin/sh;
			shellScript = "diff \"${PODS_PODFILE_DIR_PATH}/Podfile.lock\" \"${PODS_ROOT}/Manifest.lock\" > /dev/null\nif [ $? != 0 ] ; then\n    # print error to STDERR\n    echo \"error: The sandbox is not in sync with the Podfile.lock. Run 'pod install' or update your CocoaPods installation.\" >&2\n    exit 1\nfi\n# This output is used by Xcode 'outputs' to avoid re-running this script phase.\necho \"SUCCESS\" > \"${SCRIPT_OUTPUT_FILE_0}\"\n";
			showEnvVarsInLog = 0;
		};
		A50F041221BA548F00859738 /* Copy files and build deb */ = {
			isa = PBXShellScriptBuildPhase;
			buildActionMask = 2147483647;
			files = (
			);
			inputFileListPaths = (
			);
			inputPaths = (
			);
			name = "Copy files and build deb";
			outputFileListPaths = (
			);
			outputPaths = (
			);
			runOnlyForDeploymentPostprocessing = 0;
			shellPath = /bin/sh;
			shellScript = "if [[ \"ls -1 ${BUILT_PRODUCTS_DIR}/*.dylib 2>/dev/null | wc -l\" == 0 ]]; then\necho \"${BUILT_PRODUCTS_DIR} does not contain any dylib file.\";\nexit 1;\nfi\n\nPACKAGE_PROJECT_FOLDER=\"${PROJECT_DIR}/${PROJECT_NAME}/Package\";\nif [ ! -d $PACKAGE_PROJECT_FOLDER ]; then\necho \"${PROJECT_DIR}/Package does not exits.\";\nexit 2;\nfi\n\n\nPACKAGE_TEMP_FOLDER=\"${BUILT_PRODUCTS_DIR}/Package\";\nif [ -d $PACKAGE_TEMP_FOLDER ]; then\nrm -rf $PACKAGE_TEMP_FOLDER;\nfi\n\necho \"[->] Copying binaries...\";\ncp -r $PACKAGE_PROJECT_FOLDER $PACKAGE_TEMP_FOLDER;\ncp \"${BUILT_PRODUCTS_DIR}/${EXECUTABLE_NAME}\" \"$PACKAGE_TEMP_FOLDER/usr/bin\" >> /dev/null;\nldid -S\"${PROJECT_DIR}/sign.entitlements\" \"$PACKAGE_TEMP_FOLDER/usr/bin/${EXECUTABLE_NAME}\";\n\necho \"[->] Cleaning (stage 1)...\"\nfind $PACKAGE_TEMP_FOLDER -name \".*\" -exec rm -rf \"{}\" \\;\n\necho \"[->] Updating control...\";\nsed -i '' \"s/CURRENT_PROJECT_VERSION/${CURRENT_PROJECT_VERSION}/g\" \"$PACKAGE_TEMP_FOLDER/DEBIAN/control\";\n\necho \"[->] Counting size...\";\nFOLDER_SIZE=$(du -sk $PACKAGE_TEMP_FOLDER);\nINSTALLED_SIZE=$(echo $FOLDER_SIZE | tr -dc '0-9' );\nsed -i '' \"s/PACKAGE_SIZE/${INSTALLED_SIZE}/g\" \"$PACKAGE_TEMP_FOLDER/DEBIAN/control\";\n\n\necho \"[->] Packaging...\";\nDEBS_FOLDER=\"${PROJECT_DIR}/debs\";\nif [ ! -d $DEBS_FOLDER ]; then\nmkdir $DEBS_FOLDER\nfi\n\nDEB_NAME=\"${PRODUCT_BUNDLE_IDENTIFIER}_${CURRENT_PROJECT_VERSION}_${PLATFORM_NAME}-arm.deb\";\ndpkg-deb -b -Zlzma $PACKAGE_TEMP_FOLDER $DEBS_FOLDER/$DEB_NAME 2> /dev/null;\n\necho \"[->] Cleaning (stage 2)...\";\nrm -rf $PACKAGE_TEMP_FOLDER;\n";
			showEnvVarsInLog = 0;
		};
		AFAD174C6B994B3191A4A9B7 /* [CP] Check Pods Manifest.lock */ = {
			isa = PBXShellScriptBuildPhase;
			buildActionMask = 2147483647;
			files = (
			);
			inputFileListPaths = (
			);
			inputPaths = (
				"${PODS_PODFILE_DIR_PATH}/Podfile.lock",
				"${PODS_ROOT}/Manifest.lock",
			);
			name = "[CP] Check Pods Manifest.lock";
			outputFileListPaths = (
			);
			outputPaths = (
				"$(DERIVED_FILE_DIR)/Pods-twackup-checkManifestLockResult.txt",
			);
			runOnlyForDeploymentPostprocessing = 0;
			shellPath = /bin/sh;
			shellScript = "diff \"${PODS_PODFILE_DIR_PATH}/Podfile.lock\" \"${PODS_ROOT}/Manifest.lock\" > /dev/null\nif [ $? != 0 ] ; then\n    # print error to STDERR\n    echo \"error: The sandbox is not in sync with the Podfile.lock. Run 'pod install' or update your CocoaPods installation.\" >&2\n    exit 1\nfi\n# This output is used by Xcode 'outputs' to avoid re-running this script phase.\necho \"SUCCESS\" > \"${SCRIPT_OUTPUT_FILE_0}\"\n";
			showEnvVarsInLog = 0;
		};
/* End PBXShellScriptBuildPhase section */

/* Begin PBXSourcesBuildPhase section */
		A50F040F21BA548F00859738 /* Sources */ = {
			isa = PBXSourcesBuildPhase;
			buildActionMask = 2147483647;
			files = (
				A57A21D521BEBE9E008F3DE9 /* TWDpkg.m in Sources */,
				A5D188A622B9031100B974B1 /* TWPackage+Control.m in Sources */,
				A50F041B21BA548F00859738 /* main.m in Sources */,
				A569C96321BA8635003DE3C5 /* NSTask+Twackup.m in Sources */,
				A5D188AA22B9042200B974B1 /* TWRegex.m in Sources */,
				A57A21D121BEBA9E008F3DE9 /* TWackup.m in Sources */,
				A5D188AE22B904A500B974B1 /* TWPackage+Build.m in Sources */,
				A569C95F21BA84BB003DE3C5 /* TWPackage.m in Sources */,
				0B3BB6F0229876E900BDE0DD /* packages_parser.m in Sources */,
				A53CC71321E0966000848785 /* TWLocalizable.m in Sources */,
			);
			runOnlyForDeploymentPostprocessing = 0;
		};
		A53CC71421E0A3A200848785 /* Sources */ = {
			isa = PBXSourcesBuildPhase;
			buildActionMask = 2147483647;
			files = (
				A53CC72121E0A3B400848785 /* TWDpkg.m in Sources */,
				A53CC72221E0A3B400848785 /* TWPackage.m in Sources */,
				A53CC71F21E0A3B400848785 /* main.m in Sources */,
				A53CC72021E0A3B400848785 /* TWackup.m in Sources */,
				A53CC72321E0A3B400848785 /* NSTask+Twackup.m in Sources */,
				A53CC72421E0A3B400848785 /* TWLocalizable.m in Sources */,
			);
			runOnlyForDeploymentPostprocessing = 0;
		};
/* End PBXSourcesBuildPhase section */

/* Begin XCBuildConfiguration section */
		A50F042321BA548F00859738 /* Debug */ = {
			isa = XCBuildConfiguration;
			buildSettings = {
				CLANG_ANALYZER_GCD_PERFORMANCE = YES;
				CLANG_ANALYZER_LOCALIZABILITY_EMPTY_CONTEXT = YES;
				CLANG_ANALYZER_LOCALIZABILITY_NONLOCALIZED = YES;
				CLANG_ANALYZER_NONNULL = YES;
				CLANG_ANALYZER_NUMBER_OBJECT_CONVERSION = YES_AGGRESSIVE;
				CLANG_ANALYZER_SECURITY_FLOATLOOPCOUNTER = YES;
				CLANG_ANALYZER_SECURITY_INSECUREAPI_RAND = YES;
				CLANG_ANALYZER_SECURITY_INSECUREAPI_STRCPY = YES;
				CLANG_CXX_LANGUAGE_STANDARD = "gnu++14";
				CLANG_CXX_LIBRARY = "libc++";
				CLANG_ENABLE_MODULES = YES;
				CLANG_ENABLE_OBJC_ARC = YES;
				CLANG_WARN_ASSIGN_ENUM = YES;
				CLANG_WARN_BLOCK_CAPTURE_AUTORELEASING = YES;
				CLANG_WARN_BOOL_CONVERSION = YES;
				CLANG_WARN_COMMA = YES;
				CLANG_WARN_CONSTANT_CONVERSION = YES;
				CLANG_WARN_DEPRECATED_OBJC_IMPLEMENTATIONS = YES;
				CLANG_WARN_DIRECT_OBJC_ISA_USAGE = YES_ERROR;
				CLANG_WARN_DOCUMENTATION_COMMENTS = YES;
				CLANG_WARN_EMPTY_BODY = YES;
				CLANG_WARN_ENUM_CONVERSION = YES;
				CLANG_WARN_INFINITE_RECURSION = YES;
				CLANG_WARN_INT_CONVERSION = YES;
				CLANG_WARN_NON_LITERAL_NULL_CONVERSION = YES;
				CLANG_WARN_OBJC_EXPLICIT_OWNERSHIP_TYPE = YES;
				CLANG_WARN_OBJC_IMPLICIT_RETAIN_SELF = YES;
				CLANG_WARN_OBJC_LITERAL_CONVERSION = YES;
				CLANG_WARN_OBJC_ROOT_CLASS = YES_ERROR;
				CLANG_WARN_RANGE_LOOP_ANALYSIS = YES;
				CLANG_WARN_SEMICOLON_BEFORE_METHOD_BODY = YES;
				CLANG_WARN_STRICT_PROTOTYPES = YES;
				CLANG_WARN_SUSPICIOUS_IMPLICIT_CONVERSION = YES;
				CLANG_WARN_SUSPICIOUS_MOVE = YES;
				CLANG_WARN_UNGUARDED_AVAILABILITY = YES_AGGRESSIVE;
				CLANG_WARN_UNREACHABLE_CODE = YES;
				CLANG_WARN__DUPLICATE_METHOD_MATCH = YES;
				CODE_SIGN_IDENTITY = "iPhone Developer";
				COPYING_PRESERVES_HFS_DATA = YES;
				COPY_PHASE_STRIP = NO;
				CURRENT_PROJECT_VERSION = 0.10;
				DEBUG_INFORMATION_FORMAT = dwarf;
				ENABLE_BITCODE = NO;
				ENABLE_STRICT_OBJC_MSGSEND = YES;
				ENABLE_TESTABILITY = YES;
				EXCLUDED_RECURSIVE_SEARCH_PATH_SUBDIRECTORIES = "*.nib *.lproj *.gch (*) .DS_Store CVS .svn .git .hg *.xcodeproj *.xcode *.pbproj *.pbxproj";
				GCC_C_LANGUAGE_STANDARD = gnu11;
				GCC_DYNAMIC_NO_PIC = NO;
				GCC_FAST_MATH = YES;
				GCC_NO_COMMON_BLOCKS = YES;
				GCC_OPTIMIZATION_LEVEL = 0;
				GCC_PRECOMPILE_PREFIX_HEADER = YES;
				GCC_PREFIX_HEADER = PrefixHeader.pch;
				GCC_PREPROCESSOR_DEFINITIONS = (
					"DEBUG=1",
					"$(inherited)",
					"CURRENT_PROJECT_VERSION=$(CURRENT_PROJECT_VERSION)",
				);
				GCC_UNROLL_LOOPS = YES;
				GCC_WARN_64_TO_32_BIT_CONVERSION = YES;
				GCC_WARN_ABOUT_MISSING_FIELD_INITIALIZERS = YES;
				GCC_WARN_ABOUT_MISSING_NEWLINE = YES;
				GCC_WARN_ABOUT_MISSING_PROTOTYPES = YES;
				GCC_WARN_ABOUT_RETURN_TYPE = YES;
				GCC_WARN_FOUR_CHARACTER_CONSTANTS = YES;
				GCC_WARN_INITIALIZER_NOT_FULLY_BRACKETED = YES;
				GCC_WARN_SHADOW = YES;
				GCC_WARN_STRICT_SELECTOR_MATCH = YES;
				GCC_WARN_UNDECLARED_SELECTOR = YES;
				GCC_WARN_UNINITIALIZED_AUTOS = YES_AGGRESSIVE;
				GCC_WARN_UNKNOWN_PRAGMAS = YES;
				GCC_WARN_UNUSED_FUNCTION = YES;
				GCC_WARN_UNUSED_VARIABLE = YES;
				IPHONEOS_DEPLOYMENT_TARGET = 8.0;
				LLVM_LTO = YES;
				MTL_ENABLE_DEBUG_INFO = INCLUDE_SOURCE;
				MTL_FAST_MATH = YES;
				ONLY_ACTIVE_ARCH = YES;
				PRODUCT_BUNDLE_IDENTIFIER = ru.danpashin.twackup;
				SDKROOT = iphoneos;
				TARGETED_DEVICE_FAMILY = "1,2";
			};
			name = Debug;
		};
		A50F042421BA548F00859738 /* Release */ = {
			isa = XCBuildConfiguration;
			buildSettings = {
				CLANG_ANALYZER_GCD_PERFORMANCE = YES;
				CLANG_ANALYZER_LOCALIZABILITY_EMPTY_CONTEXT = YES;
				CLANG_ANALYZER_LOCALIZABILITY_NONLOCALIZED = YES;
				CLANG_ANALYZER_NONNULL = YES;
				CLANG_ANALYZER_NUMBER_OBJECT_CONVERSION = YES_AGGRESSIVE;
				CLANG_ANALYZER_SECURITY_FLOATLOOPCOUNTER = YES;
				CLANG_ANALYZER_SECURITY_INSECUREAPI_RAND = YES;
				CLANG_ANALYZER_SECURITY_INSECUREAPI_STRCPY = YES;
				CLANG_CXX_LANGUAGE_STANDARD = "gnu++14";
				CLANG_CXX_LIBRARY = "libc++";
				CLANG_ENABLE_MODULES = YES;
				CLANG_ENABLE_OBJC_ARC = YES;
				CLANG_WARN_ASSIGN_ENUM = YES;
				CLANG_WARN_BLOCK_CAPTURE_AUTORELEASING = YES;
				CLANG_WARN_BOOL_CONVERSION = YES;
				CLANG_WARN_COMMA = YES;
				CLANG_WARN_CONSTANT_CONVERSION = YES;
				CLANG_WARN_DEPRECATED_OBJC_IMPLEMENTATIONS = YES;
				CLANG_WARN_DIRECT_OBJC_ISA_USAGE = YES_ERROR;
				CLANG_WARN_DOCUMENTATION_COMMENTS = YES;
				CLANG_WARN_EMPTY_BODY = YES;
				CLANG_WARN_ENUM_CONVERSION = YES;
				CLANG_WARN_INFINITE_RECURSION = YES;
				CLANG_WARN_INT_CONVERSION = YES;
				CLANG_WARN_NON_LITERAL_NULL_CONVERSION = YES;
				CLANG_WARN_OBJC_EXPLICIT_OWNERSHIP_TYPE = YES;
				CLANG_WARN_OBJC_IMPLICIT_RETAIN_SELF = YES;
				CLANG_WARN_OBJC_LITERAL_CONVERSION = YES;
				CLANG_WARN_OBJC_ROOT_CLASS = YES_ERROR;
				CLANG_WARN_RANGE_LOOP_ANALYSIS = YES;
				CLANG_WARN_SEMICOLON_BEFORE_METHOD_BODY = YES;
				CLANG_WARN_STRICT_PROTOTYPES = YES;
				CLANG_WARN_SUSPICIOUS_IMPLICIT_CONVERSION = YES;
				CLANG_WARN_SUSPICIOUS_MOVE = YES;
				CLANG_WARN_UNGUARDED_AVAILABILITY = YES_AGGRESSIVE;
				CLANG_WARN_UNREACHABLE_CODE = YES;
				CLANG_WARN__DUPLICATE_METHOD_MATCH = YES;
				CODE_SIGN_IDENTITY = "iPhone Developer";
				COPYING_PRESERVES_HFS_DATA = YES;
				COPY_PHASE_STRIP = NO;
				CURRENT_PROJECT_VERSION = 0.10;
				DEBUG_INFORMATION_FORMAT = "dwarf-with-dsym";
				ENABLE_BITCODE = NO;
				ENABLE_NS_ASSERTIONS = NO;
				ENABLE_STRICT_OBJC_MSGSEND = YES;
				EXCLUDED_RECURSIVE_SEARCH_PATH_SUBDIRECTORIES = "*.nib *.lproj *.gch (*) .DS_Store CVS .svn .git .hg *.xcodeproj *.xcode *.pbproj *.pbxproj";
				GCC_C_LANGUAGE_STANDARD = gnu11;
				GCC_FAST_MATH = YES;
				GCC_NO_COMMON_BLOCKS = YES;
				GCC_PRECOMPILE_PREFIX_HEADER = YES;
				GCC_PREFIX_HEADER = PrefixHeader.pch;
				GCC_PREPROCESSOR_DEFINITIONS = "CURRENT_PROJECT_VERSION=$(CURRENT_PROJECT_VERSION)";
				GCC_UNROLL_LOOPS = YES;
				GCC_WARN_64_TO_32_BIT_CONVERSION = YES;
				GCC_WARN_ABOUT_MISSING_FIELD_INITIALIZERS = YES;
				GCC_WARN_ABOUT_MISSING_NEWLINE = YES;
				GCC_WARN_ABOUT_MISSING_PROTOTYPES = YES;
				GCC_WARN_ABOUT_RETURN_TYPE = YES;
				GCC_WARN_FOUR_CHARACTER_CONSTANTS = YES;
				GCC_WARN_INITIALIZER_NOT_FULLY_BRACKETED = YES;
				GCC_WARN_SHADOW = YES;
				GCC_WARN_STRICT_SELECTOR_MATCH = YES;
				GCC_WARN_UNDECLARED_SELECTOR = YES;
				GCC_WARN_UNINITIALIZED_AUTOS = YES_AGGRESSIVE;
				GCC_WARN_UNKNOWN_PRAGMAS = YES;
				GCC_WARN_UNUSED_FUNCTION = YES;
				GCC_WARN_UNUSED_VARIABLE = YES;
				IPHONEOS_DEPLOYMENT_TARGET = 8.0;
				LLVM_LTO = YES;
				MTL_ENABLE_DEBUG_INFO = NO;
				MTL_FAST_MATH = YES;
				PRODUCT_BUNDLE_IDENTIFIER = ru.danpashin.twackup;
				SDKROOT = iphoneos;
				TARGETED_DEVICE_FAMILY = "1,2";
				VALIDATE_PRODUCT = YES;
			};
			name = Release;
		};
		A50F042621BA548F00859738 /* Debug */ = {
			isa = XCBuildConfiguration;
			baseConfigurationReference = 685A7443733C4172DC7F3777 /* Pods-twackup.debug.xcconfig */;
			buildSettings = {
				DEVELOPMENT_TEAM = VW97WHTS78;
				DYLIB_COMPATIBILITY_VERSION = "";
				DYLIB_CURRENT_VERSION = "";
				EXECUTABLE_SUFFIX = "";
				IPHONEOS_DEPLOYMENT_TARGET = 8.0;
				MACH_O_TYPE = mh_execute;
				PRODUCT_NAME = "$(TARGET_NAME)";
				SUPPORTED_PLATFORMS = iphoneos;
				SUPPORTS_UIKITFORMAC = NO;
				TARGETED_DEVICE_FAMILY = "1,2";
			};
			name = Debug;
		};
		A50F042721BA548F00859738 /* Release */ = {
			isa = XCBuildConfiguration;
			baseConfigurationReference = 1721A09928C4BCDB8763694B /* Pods-twackup.release.xcconfig */;
			buildSettings = {
				DEVELOPMENT_TEAM = VW97WHTS78;
				DYLIB_COMPATIBILITY_VERSION = "";
				DYLIB_CURRENT_VERSION = "";
				EXECUTABLE_SUFFIX = "";
				IPHONEOS_DEPLOYMENT_TARGET = 8.0;
				MACH_O_TYPE = mh_execute;
				PRODUCT_NAME = "$(TARGET_NAME)";
				SUPPORTED_PLATFORMS = iphoneos;
				SUPPORTS_UIKITFORMAC = NO;
				TARGETED_DEVICE_FAMILY = "1,2";
			};
			name = Release;
		};
		A53CC71D21E0A3A200848785 /* Debug */ = {
			isa = XCBuildConfiguration;
			baseConfigurationReference = 28EBD4F69443170320B02209 /* Pods-twackup_macos.debug.xcconfig */;
			buildSettings = {
				CODE_SIGN_IDENTITY = "Mac Developer";
				CODE_SIGN_STYLE = Automatic;
				DEVELOPMENT_TEAM = VW97WHTS78;
				MACOSX_DEPLOYMENT_TARGET = 10.14;
				PRODUCT_NAME = "$(TARGET_NAME)";
				SDKROOT = macosx;
			};
			name = Debug;
		};
		A53CC71E21E0A3A200848785 /* Release */ = {
			isa = XCBuildConfiguration;
			baseConfigurationReference = 8E45D95DEEBDDC8203C4B72D /* Pods-twackup_macos.release.xcconfig */;
			buildSettings = {
				CODE_SIGN_IDENTITY = "Mac Developer";
				CODE_SIGN_STYLE = Automatic;
				DEVELOPMENT_TEAM = VW97WHTS78;
				MACOSX_DEPLOYMENT_TARGET = 10.14;
				PRODUCT_NAME = "$(TARGET_NAME)";
				SDKROOT = macosx;
			};
			name = Release;
		};
/* End XCBuildConfiguration section */

/* Begin XCConfigurationList section */
		A50F040E21BA548F00859738 /* Build configuration list for PBXProject "Twackup" */ = {
			isa = XCConfigurationList;
			buildConfigurations = (
				A50F042321BA548F00859738 /* Debug */,
				A50F042421BA548F00859738 /* Release */,
			);
			defaultConfigurationIsVisible = 0;
			defaultConfigurationName = Release;
		};
		A50F042521BA548F00859738 /* Build configuration list for PBXNativeTarget "twackup" */ = {
			isa = XCConfigurationList;
			buildConfigurations = (
				A50F042621BA548F00859738 /* Debug */,
				A50F042721BA548F00859738 /* Release */,
			);
			defaultConfigurationIsVisible = 0;
			defaultConfigurationName = Release;
		};
		A53CC71C21E0A3A200848785 /* Build configuration list for PBXNativeTarget "twackup_macos" */ = {
			isa = XCConfigurationList;
			buildConfigurations = (
				A53CC71D21E0A3A200848785 /* Debug */,
				A53CC71E21E0A3A200848785 /* Release */,
			);
			defaultConfigurationIsVisible = 0;
			defaultConfigurationName = Release;
		};
/* End XCConfigurationList section */
	};
	rootObject = A50F040B21BA548F00859738 /* Project object */;
}
